
Microsoft Visual Studio Solution File, Format Version 12.00
# Visual Studio Version 16
VisualStudioVersion = 16.0.31112.23
MinimumVisualStudioVersion = 10.0.40219.1
Project("{FAE04EC0-301F-11D3-BF4B-00C04F79EFBC}") = "SeowoncarASP", "SeowoncarASP.csproj", "{9DEFE965-4BC3-4F1A-AE20-EA4E53C450EE}"
EndProject
Global
	GlobalSection(SolutionConfigurationPlatforms) = preSolution
		Debug|Any CPU = Debug|Any CPU
		Release|Any CPU = Release|Any CPU
	EndGlobalSection
	GlobalSection(ProjectConfigurationPlatforms) = postSolution
		{9DEFE965-4BC3-4F1A-AE20-EA4E53C450EE}.Debug|Any CPU.ActiveCfg = Debug|Any CPU
		{9DEFE965-4BC3-4F1A-AE20-EA4E53C450EE}.Debug|Any CPU.Build.0 = Debug|Any CPU
		{9DEFE965-4BC3-4F1A-AE20-EA4E53C450EE}.Release|Any CPU.ActiveCfg = Release|Any CPU
		{9DEFE965-4BC3-4F1A-AE20-EA4E53C450EE}.Release|Any CPU.Build.0 = Release|Any CPU
	EndGlobalSection
	GlobalSection(SolutionProperties) = preSolution
		HideSolutionNode = FALSE
	EndGlobalSection
	GlobalSection(ExtensibilityGlobals) = postSolution
		SolutionGuid = {E75FDB4B-00DA-413A-8B2F-28EAF0E3D09F}
	EndGlobalSection
EndGlobal
